
Microsoft Visual Studio Solution File, Format Version 12.00
# Visual Studio Version 16
VisualStudioVersion = 16.0.30611.23
MinimumVisualStudioVersion = 10.0.40219.1
Project("{FAE04EC0-301F-11D3-BF4B-00C04F79EFBC}") = "RcykloAPI", "RcykloAPI\RcykloAPI.csproj", "{F98C9522-2453-4019-8B6C-8BFE05D63085}"
EndProject
Project("{00D1A9C2-B5F0-4AF3-8072-F6C62B433612}") = "Rcyklo.DB", "Rcyklo.DB\Rcyklo.DB.sqlproj", "{A277ED94-4D17-4F38-9631-1A427D934950}"
EndProject
Project("{FAE04EC0-301F-11D3-BF4B-00C04F79EFBC}") = "RcykloWebApp", "RcykloWebApp\RcykloWebApp.csproj", "{A6AD2FB2-0292-4434-80EC-77FB535D0C48}"
EndProject
Global
	GlobalSection(SolutionConfigurationPlatforms) = preSolution
		Debug|Any CPU = Debug|Any CPU
		Release|Any CPU = Release|Any CPU
	EndGlobalSection
	GlobalSection(ProjectConfigurationPlatforms) = postSolution
		{F98C9522-2453-4019-8B6C-8BFE05D63085}.Debug|Any CPU.ActiveCfg = Debug|Any CPU
		{F98C9522-2453-4019-8B6C-8BFE05D63085}.Debug|Any CPU.Build.0 = Debug|Any CPU
		{F98C9522-2453-4019-8B6C-8BFE05D63085}.Release|Any CPU.ActiveCfg = Release|Any CPU
		{F98C9522-2453-4019-8B6C-8BFE05D63085}.Release|Any CPU.Build.0 = Release|Any CPU
		{A277ED94-4D17-4F38-9631-1A427D934950}.Debug|Any CPU.ActiveCfg = Debug|Any CPU
		{A277ED94-4D17-4F38-9631-1A427D934950}.Debug|Any CPU.Build.0 = Debug|Any CPU
		{A277ED94-4D17-4F38-9631-1A427D934950}.Debug|Any CPU.Deploy.0 = Debug|Any CPU
		{A277ED94-4D17-4F38-9631-1A427D934950}.Release|Any CPU.ActiveCfg = Release|Any CPU
		{A277ED94-4D17-4F38-9631-1A427D934950}.Release|Any CPU.Build.0 = Release|Any CPU
		{A277ED94-4D17-4F38-9631-1A427D934950}.Release|Any CPU.Deploy.0 = Release|Any CPU
		{A6AD2FB2-0292-4434-80EC-77FB535D0C48}.Debug|Any CPU.ActiveCfg = Debug|Any CPU
		{A6AD2FB2-0292-4434-80EC-77FB535D0C48}.Debug|Any CPU.Build.0 = Debug|Any CPU
		{A6AD2FB2-0292-4434-80EC-77FB535D0C48}.Release|Any CPU.ActiveCfg = Release|Any CPU
		{A6AD2FB2-0292-4434-80EC-77FB535D0C48}.Release|Any CPU.Build.0 = Release|Any CPU
	EndGlobalSection
	GlobalSection(SolutionProperties) = preSolution
		HideSolutionNode = FALSE
	EndGlobalSection
	GlobalSection(ExtensibilityGlobals) = postSolution
		SolutionGuid = {092EC9FD-3517-4234-B78D-FE4AF8A4DF72}
	EndGlobalSection
EndGlobal
